
Microsoft Visual Studio Solution File, Format Version 12.00
# Visual Studio Version 17
VisualStudioVersion = 17.2.32616.157
MinimumVisualStudioVersion = 10.0.40219.1
Project("{FAE04EC0-301F-11D3-BF4B-00C04F79EFBC}") = "BibliotekaWPFApp", "BibliotekaWPFApp\BibliotekaWPFApp.csproj", "{6CE24095-E1E3-4F52-B683-21D1CE075DEC}"
EndProject
Project("{FAE04EC0-301F-11D3-BF4B-00C04F79EFBC}") = "TestProjectBiblioteka", "TestProjectBiblioteka\TestProjectBiblioteka.csproj", "{9A65DA7E-65E6-446D-8300-F670F41A879F}"
EndProject
Global
	GlobalSection(SolutionConfigurationPlatforms) = preSolution
		Debug|Any CPU = Debug|Any CPU
		Release|Any CPU = Release|Any CPU
	EndGlobalSection
	GlobalSection(ProjectConfigurationPlatforms) = postSolution
		{6CE24095-E1E3-4F52-B683-21D1CE075DEC}.Debug|Any CPU.ActiveCfg = Debug|Any CPU
		{6CE24095-E1E3-4F52-B683-21D1CE075DEC}.Debug|Any CPU.Build.0 = Debug|Any CPU
		{6CE24095-E1E3-4F52-B683-21D1CE075DEC}.Release|Any CPU.ActiveCfg = Release|Any CPU
		{6CE24095-E1E3-4F52-B683-21D1CE075DEC}.Release|Any CPU.Build.0 = Release|Any CPU
		{9A65DA7E-65E6-446D-8300-F670F41A879F}.Debug|Any CPU.ActiveCfg = Debug|Any CPU
		{9A65DA7E-65E6-446D-8300-F670F41A879F}.Debug|Any CPU.Build.0 = Debug|Any CPU
		{9A65DA7E-65E6-446D-8300-F670F41A879F}.Release|Any CPU.ActiveCfg = Release|Any CPU
		{9A65DA7E-65E6-446D-8300-F670F41A879F}.Release|Any CPU.Build.0 = Release|Any CPU
	EndGlobalSection
	GlobalSection(SolutionProperties) = preSolution
		HideSolutionNode = FALSE
	EndGlobalSection
	GlobalSection(ExtensibilityGlobals) = postSolution
		SolutionGuid = {945F1449-8B6B-44B8-A3E5-CD07FEC4D575}
	EndGlobalSection
EndGlobal
